
Microsoft Visual Studio Solution File, Format Version 12.00
# Visual Studio Version 16
VisualStudioVersion = 16.0.31613.86
MinimumVisualStudioVersion = 10.0.40219.1
Project("{9A19103F-16F7-4668-BE54-9A1E7A4F7556}") = "Employee", "API\Employee.csproj", "{DD8FA0C8-6153-4E13-931E-D266E8D34C7D}"
EndProject
Project("{9A19103F-16F7-4668-BE54-9A1E7A4F7556}") = "Employee.Business", "Business\Employee.Business.csproj", "{06B2638A-C666-47A6-B044-622E9D5E114D}"
EndProject
Global
	GlobalSection(SolutionConfigurationPlatforms) = preSolution
		Debug|Any CPU = Debug|Any CPU
		Release|Any CPU = Release|Any CPU
	EndGlobalSection
	GlobalSection(ProjectConfigurationPlatforms) = postSolution
		{DD8FA0C8-6153-4E13-931E-D266E8D34C7D}.Debug|Any CPU.ActiveCfg = Debug|Any CPU
		{DD8FA0C8-6153-4E13-931E-D266E8D34C7D}.Debug|Any CPU.Build.0 = Debug|Any CPU
		{DD8FA0C8-6153-4E13-931E-D266E8D34C7D}.Release|Any CPU.ActiveCfg = Release|Any CPU
		{DD8FA0C8-6153-4E13-931E-D266E8D34C7D}.Release|Any CPU.Build.0 = Release|Any CPU
		{06B2638A-C666-47A6-B044-622E9D5E114D}.Debug|Any CPU.ActiveCfg = Debug|Any CPU
		{06B2638A-C666-47A6-B044-622E9D5E114D}.Debug|Any CPU.Build.0 = Debug|Any CPU
		{06B2638A-C666-47A6-B044-622E9D5E114D}.Release|Any CPU.ActiveCfg = Release|Any CPU
		{06B2638A-C666-47A6-B044-622E9D5E114D}.Release|Any CPU.Build.0 = Release|Any CPU
	EndGlobalSection
	GlobalSection(SolutionProperties) = preSolution
		HideSolutionNode = FALSE
	EndGlobalSection
	GlobalSection(ExtensibilityGlobals) = postSolution
		SolutionGuid = {22E70A1B-1B2B-4F5A-A735-FE4145303997}
	EndGlobalSection
EndGlobal
